{
	"name": "vscode-language-mugene",
	"version": "0.2.11",
	"lockfileVersion": 2,
	"requires": true,
	"packages": {
		"": {
			"name": "vscode-language-mugene",
			"version": "0.2.11",
			"license": "MIT",
			"dependencies": {
				"@dev.atsushieno/mugene": "^0.2.12",
				"rx-lite": "^4.0.8",
				"vscode-languageclient": "^7.0.0"
			},
			"devDependencies": {
				"@types/mocha": "^8.2.3",
				"@types/node": "^16.0.1",
				"@types/rx-lite": "^4.0.6",
				"@types/vscode": "^1.1.37",
				"typescript": "^4.3.5"
			},
			"engines": {
				"vscode": "^1.33.0"
			}
		},
		"../../mugene/build/publications/npm/js/mugene-ng-mugene.js": {
			"extraneous": true
		},
		"node_modules/@dev.atsushieno/mugene": {
			"version": "0.2.12",
			"resolved": "https://registry.npmjs.org/@dev.atsushieno/mugene/-/mugene-0.2.12.tgz",
			"integrity": "sha512-fel372SkM0pNomXmg7wy6RMQ9X+otABEoLOQ9u7KQOyyz7zxnvMs9haZz822Q0A/6PvaFGUyXSsZw4LKt7NMWA==",
			"bundleDependencies": [
				"antlr-kotlin-antlr-kotlin-runtime-jsLegacy",
				"uuid-jsLegacy",
				"kotlin",
				"ktmidi-js-legacy",
				"kotlinx-coroutines-core",
				"kotlinx-atomicfu",
				"Kotlin-DateTime-library-kotlinx-datetime-js-legacy",
				"kotlinx-serialization-kotlinx-serialization-core-jsLegacy"
			],
			"hasShrinkwrap": true,
			"dependencies": {
				"antlr-kotlin-antlr-kotlin-runtime-jsLegacy": "0.0.8",
				"kotlin": "1.5.20",
				"Kotlin-DateTime-library-kotlinx-datetime-js-legacy": "0.2.0",
				"kotlinx-atomicfu": "0.16.1",
				"kotlinx-coroutines-core": "1.5.0",
				"kotlinx-serialization-kotlinx-serialization-core-jsLegacy": "1.1.0",
				"ktmidi-js-legacy": "0.3.2",
				"uuid-jsLegacy": "0.2.2"
			}
		},
		"node_modules/@dev.atsushieno/mugene/node_modules/antlr-kotlin-antlr-kotlin-runtime-jsLegacy": {
			"version": "0.0.8",
			"inBundle": true
		},
		"node_modules/@dev.atsushieno/mugene/node_modules/kotlin": {
			"version": "1.5.20",
			"inBundle": true
		},
		"node_modules/@dev.atsushieno/mugene/node_modules/Kotlin-DateTime-library-kotlinx-datetime-js-legacy": {
			"version": "0.2.0",
			"inBundle": true,
			"dependencies": {
				"@js-joda/core": "3.2.0"
			}
		},
		"node_modules/@dev.atsushieno/mugene/node_modules/kotlinx-atomicfu": {
			"version": "0.16.1",
			"inBundle": true
		},
		"node_modules/@dev.atsushieno/mugene/node_modules/kotlinx-coroutines-core": {
			"version": "1.5.0",
			"inBundle": true
		},
		"node_modules/@dev.atsushieno/mugene/node_modules/kotlinx-serialization-kotlinx-serialization-core-jsLegacy": {
			"version": "1.1.0",
			"inBundle": true
		},
		"node_modules/@dev.atsushieno/mugene/node_modules/ktmidi-js-legacy": {
			"version": "0.3.2",
			"inBundle": true
		},
		"node_modules/@dev.atsushieno/mugene/node_modules/uuid-jsLegacy": {
			"version": "0.2.2",
			"inBundle": true
		},
		"node_modules/@types/mocha": {
			"version": "8.2.3",
			"dev": true,
			"license": "MIT"
		},
		"node_modules/@types/node": {
			"version": "16.0.1",
			"dev": true,
			"license": "MIT"
		},
		"node_modules/@types/rx-core": {
			"version": "4.0.3",
			"dev": true,
			"license": "MIT"
		},
		"node_modules/@types/rx-core-binding": {
			"version": "4.0.4",
			"dev": true,
			"license": "MIT",
			"dependencies": {
				"@types/rx-core": "*"
			}
		},
		"node_modules/@types/rx-lite": {
			"version": "4.0.6",
			"dev": true,
			"license": "MIT",
			"dependencies": {
				"@types/rx-core": "*",
				"@types/rx-core-binding": "*"
			}
		},
		"node_modules/@types/vscode": {
			"version": "1.57.1",
			"dev": true,
			"license": "MIT"
		},
		"node_modules/balanced-match": {
			"version": "1.0.0",
			"license": "MIT"
		},
		"node_modules/brace-expansion": {
			"version": "1.1.11",
			"license": "MIT",
			"dependencies": {
				"balanced-match": "^1.0.0",
				"concat-map": "0.0.1"
			}
		},
		"node_modules/concat-map": {
			"version": "0.0.1",
			"license": "MIT"
		},
		"node_modules/lru-cache": {
			"version": "6.0.0",
			"license": "ISC",
			"dependencies": {
				"yallist": "^4.0.0"
			},
			"engines": {
				"node": ">=10"
			}
		},
		"node_modules/minimatch": {
			"version": "3.0.4",
			"license": "ISC",
			"dependencies": {
				"brace-expansion": "^1.1.7"
			},
			"engines": {
				"node": "*"
			}
		},
		"node_modules/rx-lite": {
			"version": "4.0.8"
		},
		"node_modules/typescript": {
			"version": "4.3.5",
			"dev": true,
			"license": "Apache-2.0",
			"bin": {
				"tsc": "bin/tsc",
				"tsserver": "bin/tsserver"
			},
			"engines": {
				"node": ">=4.2.0"
			}
		},
		"node_modules/vscode-jsonrpc": {
			"version": "6.0.0",
			"license": "MIT",
			"engines": {
				"node": ">=8.0.0 || >=10.0.0"
			}
		},
		"node_modules/vscode-languageclient": {
			"version": "7.0.0",
			"license": "MIT",
			"dependencies": {
				"minimatch": "^3.0.4",
				"semver": "^7.3.4",
				"vscode-languageserver-protocol": "3.16.0"
			},
			"engines": {
				"vscode": "^1.52.0"
			}
		},
		"node_modules/vscode-languageclient/node_modules/semver": {
			"version": "7.3.5",
			"license": "ISC",
			"dependencies": {
				"lru-cache": "^6.0.0"
			},
			"bin": {
				"semver": "bin/semver.js"
			},
			"engines": {
				"node": ">=10"
			}
		},
		"node_modules/vscode-languageserver-protocol": {
			"version": "3.16.0",
			"license": "MIT",
			"dependencies": {
				"vscode-jsonrpc": "6.0.0",
				"vscode-languageserver-types": "3.16.0"
			}
		},
		"node_modules/vscode-languageserver-types": {
			"version": "3.16.0",
			"license": "MIT"
		},
		"node_modules/yallist": {
			"version": "4.0.0",
			"license": "ISC"
		}
	},
	"dependencies": {
		"@dev.atsushieno/mugene": {
			"version": "0.2.12",
			"resolved": "https://registry.npmjs.org/@dev.atsushieno/mugene/-/mugene-0.2.12.tgz",
			"integrity": "sha512-fel372SkM0pNomXmg7wy6RMQ9X+otABEoLOQ9u7KQOyyz7zxnvMs9haZz822Q0A/6PvaFGUyXSsZw4LKt7NMWA==",
			"requires": {
				"antlr-kotlin-antlr-kotlin-runtime-jsLegacy": "0.0.8",
				"kotlin": "1.5.20",
				"Kotlin-DateTime-library-kotlinx-datetime-js-legacy": "0.2.0",
				"kotlinx-atomicfu": "0.16.1",
				"kotlinx-coroutines-core": "1.5.0",
				"kotlinx-serialization-kotlinx-serialization-core-jsLegacy": "1.1.0",
				"ktmidi-js-legacy": "0.3.2",
				"uuid-jsLegacy": "0.2.2"
			},
			"dependencies": {
				"antlr-kotlin-antlr-kotlin-runtime-jsLegacy": {
					"version": "0.0.8",
					"bundled": true
				},
				"kotlin": {
					"version": "1.5.20",
					"bundled": true
				},
				"Kotlin-DateTime-library-kotlinx-datetime-js-legacy": {
					"version": "0.2.0",
					"bundled": true,
					"requires": {
						"@js-joda/core": "3.2.0"
					}
				},
				"kotlinx-atomicfu": {
					"version": "0.16.1",
					"bundled": true
				},
				"kotlinx-coroutines-core": {
					"version": "1.5.0",
					"bundled": true
				},
				"kotlinx-serialization-kotlinx-serialization-core-jsLegacy": {
					"version": "1.1.0",
					"bundled": true
				},
				"ktmidi-js-legacy": {
					"version": "0.3.2",
					"bundled": true
				},
				"uuid-jsLegacy": {
					"version": "0.2.2",
					"bundled": true
				}
			}
		},
		"@types/mocha": {
			"version": "8.2.3",
			"dev": true
		},
		"@types/node": {
			"version": "16.0.1",
			"dev": true
		},
		"@types/rx-core": {
			"version": "4.0.3",
			"dev": true
		},
		"@types/rx-core-binding": {
			"version": "4.0.4",
			"dev": true,
			"requires": {
				"@types/rx-core": "*"
			}
		},
		"@types/rx-lite": {
			"version": "4.0.6",
			"dev": true,
			"requires": {
				"@types/rx-core": "*",
				"@types/rx-core-binding": "*"
			}
		},
		"@types/vscode": {
			"version": "1.57.1",
			"dev": true
		},
		"balanced-match": {
			"version": "1.0.0"
		},
		"brace-expansion": {
			"version": "1.1.11",
			"requires": {
				"balanced-match": "^1.0.0",
				"concat-map": "0.0.1"
			}
		},
		"concat-map": {
			"version": "0.0.1"
		},
		"lru-cache": {
			"version": "6.0.0",
			"requires": {
				"yallist": "^4.0.0"
			}
		},
		"minimatch": {
			"version": "3.0.4",
			"requires": {
				"brace-expansion": "^1.1.7"
			}
		},
		"rx-lite": {
			"version": "4.0.8"
		},
		"typescript": {
			"version": "4.3.5",
			"dev": true
		},
		"vscode-jsonrpc": {
			"version": "6.0.0"
		},
		"vscode-languageclient": {
			"version": "7.0.0",
			"requires": {
				"minimatch": "^3.0.4",
				"semver": "^7.3.4",
				"vscode-languageserver-protocol": "3.16.0"
			},
			"dependencies": {
				"semver": {
					"version": "7.3.5",
					"requires": {
						"lru-cache": "^6.0.0"
					}
				}
			}
		},
		"vscode-languageserver-protocol": {
			"version": "3.16.0",
			"requires": {
				"vscode-jsonrpc": "6.0.0",
				"vscode-languageserver-types": "3.16.0"
			}
		},
		"vscode-languageserver-types": {
			"version": "3.16.0"
		},
		"yallist": {
			"version": "4.0.0"
		}
	}
}
