{
	"name": "vscode-language-mugene",
	"version": "0.2.16",
	"lockfileVersion": 2,
	"requires": true,
	"packages": {
		"": {
			"name": "vscode-language-mugene",
			"version": "0.2.16",
			"license": "MIT",
			"dependencies": {
				"@js-joda/core": "^3.2.0",
				"mugene": "../build/js/packages/mugene-ng-mugene-js-legacy/",
				"rx-lite": "^4.0.8",
				"vscode-languageclient": "^7.0.0"
			},
			"devDependencies": {
				"@types/mocha": "^8.2.3",
				"@types/node": "^16.0.1",
				"@types/rx-lite": "^4.0.6",
				"@types/vscode": "^1.1.37",
				"typescript": "^4.3.5"
			},
			"engines": {
				"vscode": "^1.33.0"
			}
		},
		"../../mugene/build/publications/npm/js/mugene-ng-mugene.js": {
			"extraneous": true
		},
		"../build/js/packages/mugene": {
			"extraneous": true
		},
		"../build/js/packages/mugene-ng-mugene": {
			"version": "0.2.14",
			"extraneous": true,
			"dependencies": {
				"antlr-kotlin-antlr-kotlin-runtime-jsLegacy": "file:/media/atsushi/extssd0/sources/ktmidi/mugene-ng/build/js/packages_imported/antlr-kotlin-antlr-kotlin-runtime-jsLegacy/0.0.8",
				"kotlin": "file:/media/atsushi/extssd0/sources/ktmidi/mugene-ng/build/js/packages_imported/kotlin/1.5.21",
				"Kotlin-DateTime-library-kotlinx-datetime-js-legacy": "file:/media/atsushi/extssd0/sources/ktmidi/mugene-ng/build/js/packages_imported/Kotlin-DateTime-library-kotlinx-datetime-js-legacy/0.2.0",
				"kotlin-test": "file:/media/atsushi/extssd0/sources/ktmidi/mugene-ng/build/js/packages_imported/kotlin-test/1.5.21",
				"kotlin-test-js-runner": "file:/media/atsushi/extssd0/sources/ktmidi/mugene-ng/build/js/packages_imported/kotlin-test-js-runner/1.5.21",
				"kotlinx-atomicfu": "file:/media/atsushi/extssd0/sources/ktmidi/mugene-ng/build/js/packages_imported/kotlinx-atomicfu/0.16.2",
				"kotlinx-coroutines-core": "file:/media/atsushi/extssd0/sources/ktmidi/mugene-ng/build/js/packages_imported/kotlinx-coroutines-core/1.5.1",
				"kotlinx-serialization-kotlinx-serialization-core-jsLegacy": "file:/media/atsushi/extssd0/sources/ktmidi/mugene-ng/build/js/packages_imported/kotlinx-serialization-kotlinx-serialization-core-jsLegacy/1.1.0",
				"ktmidi-project-ktmidi-js-legacy": "file:/media/atsushi/extssd0/sources/ktmidi/mugene-ng/build/js/packages_imported/ktmidi-project-ktmidi-js-legacy/0.3.5",
				"uuid-jsLegacy": "file:/media/atsushi/extssd0/sources/ktmidi/mugene-ng/build/js/packages_imported/uuid-jsLegacy/0.2.2"
			},
			"devDependencies": {}
		},
		"../build/js/packages/mugene-ng-mugene-js-legacy": {
			"version": "0.2.15-90",
			"dependencies": {
				"antlr-kotlin-antlr-kotlin-runtime-jsLegacy": "file:/media/atsushi/extssd0/sources/ktmidi/mugene-ng/build/js/packages_imported/antlr-kotlin-antlr-kotlin-runtime-jsLegacy/0.0.8",
				"kotlin": "file:/media/atsushi/extssd0/sources/ktmidi/mugene-ng/build/js/packages_imported/kotlin/1.5.21",
				"Kotlin-DateTime-library-kotlinx-datetime-js-legacy": "file:/media/atsushi/extssd0/sources/ktmidi/mugene-ng/build/js/packages_imported/Kotlin-DateTime-library-kotlinx-datetime-js-legacy/0.2.1",
				"kotlin-test": "file:/media/atsushi/extssd0/sources/ktmidi/mugene-ng/build/js/packages_imported/kotlin-test/1.5.21",
				"kotlin-test-js-runner": "file:/media/atsushi/extssd0/sources/ktmidi/mugene-ng/build/js/packages_imported/kotlin-test-js-runner/1.5.21",
				"kotlinx-atomicfu": "file:/media/atsushi/extssd0/sources/ktmidi/mugene-ng/build/js/packages_imported/kotlinx-atomicfu/0.16.2",
				"kotlinx-coroutines-core": "file:/media/atsushi/extssd0/sources/ktmidi/mugene-ng/build/js/packages_imported/kotlinx-coroutines-core/1.5.1",
				"kotlinx-serialization-kotlinx-serialization-core-js-legacy": "file:/media/atsushi/extssd0/sources/ktmidi/mugene-ng/build/js/packages_imported/kotlinx-serialization-kotlinx-serialization-core-js-legacy/1.2.1",
				"ktmidi-project-ktmidi-js-legacy": "file:/media/atsushi/extssd0/sources/ktmidi/mugene-ng/build/js/packages_imported/ktmidi-project-ktmidi-js-legacy/0.3.8",
				"ktor-ktor-io-js-legacy": "file:/media/atsushi/extssd0/sources/ktmidi/mugene-ng/build/js/packages_imported/ktor-ktor-io-js-legacy/1.6.0",
				"uuid-jsLegacy": "file:/media/atsushi/extssd0/sources/ktmidi/mugene-ng/build/js/packages_imported/uuid-jsLegacy/0.2.2"
			},
			"devDependencies": {}
		},
		"../mugene/build/publications/npm/js": {
			"name": "@dev.atsushieno/mugene",
			"version": "0.2.14",
			"bundleDependencies": [
				"antlr-kotlin-antlr-kotlin-runtime-jsLegacy",
				"uuid-jsLegacy",
				"kotlin",
				"ktmidi-project-ktmidi-js-legacy",
				"ktor-ktor-io-js-legacy",
				"kotlinx-coroutines-core",
				"kotlinx-atomicfu",
				"Kotlin-DateTime-library-kotlinx-datetime-js-legacy",
				"kotlinx-serialization-kotlinx-serialization-core-js-legacy"
			],
			"extraneous": true,
			"dependencies": {
				"antlr-kotlin-antlr-kotlin-runtime-jsLegacy": "0.0.8",
				"kotlin": "1.5.21",
				"Kotlin-DateTime-library-kotlinx-datetime-js-legacy": "0.2.1",
				"kotlinx-atomicfu": "0.16.2",
				"kotlinx-coroutines-core": "1.5.1",
				"kotlinx-serialization-kotlinx-serialization-core-js-legacy": "1.2.1",
				"ktmidi-project-ktmidi-js-legacy": "0.3.8",
				"ktor-ktor-io-js-legacy": "1.6.0",
				"uuid-jsLegacy": "0.2.2"
			}
		},
		"node_modules/@js-joda/core": {
			"version": "3.2.0",
			"resolved": "https://registry.npmjs.org/@js-joda/core/-/core-3.2.0.tgz",
			"integrity": "sha512-PMqgJ0sw5B7FKb2d5bWYIoxjri+QlW/Pys7+Rw82jSH0QN3rB05jZ/VrrsUdh1w4+i2kw9JOejXGq/KhDOX7Kg=="
		},
		"node_modules/@types/mocha": {
			"version": "8.2.3",
			"dev": true,
			"license": "MIT"
		},
		"node_modules/@types/node": {
			"version": "16.0.1",
			"dev": true,
			"license": "MIT"
		},
		"node_modules/@types/rx-core": {
			"version": "4.0.3",
			"dev": true,
			"license": "MIT"
		},
		"node_modules/@types/rx-core-binding": {
			"version": "4.0.4",
			"dev": true,
			"license": "MIT",
			"dependencies": {
				"@types/rx-core": "*"
			}
		},
		"node_modules/@types/rx-lite": {
			"version": "4.0.6",
			"dev": true,
			"license": "MIT",
			"dependencies": {
				"@types/rx-core": "*",
				"@types/rx-core-binding": "*"
			}
		},
		"node_modules/@types/vscode": {
			"version": "1.57.1",
			"dev": true,
			"license": "MIT"
		},
		"node_modules/balanced-match": {
			"version": "1.0.0",
			"license": "MIT"
		},
		"node_modules/brace-expansion": {
			"version": "1.1.11",
			"license": "MIT",
			"dependencies": {
				"balanced-match": "^1.0.0",
				"concat-map": "0.0.1"
			}
		},
		"node_modules/concat-map": {
			"version": "0.0.1",
			"license": "MIT"
		},
		"node_modules/lru-cache": {
			"version": "6.0.0",
			"license": "ISC",
			"dependencies": {
				"yallist": "^4.0.0"
			},
			"engines": {
				"node": ">=10"
			}
		},
		"node_modules/minimatch": {
			"version": "3.0.4",
			"license": "ISC",
			"dependencies": {
				"brace-expansion": "^1.1.7"
			},
			"engines": {
				"node": "*"
			}
		},
		"node_modules/mugene": {
			"resolved": "../build/js/packages/mugene-ng-mugene-js-legacy",
			"link": true
		},
		"node_modules/rx-lite": {
			"version": "4.0.8"
		},
		"node_modules/typescript": {
			"version": "4.3.5",
			"dev": true,
			"license": "Apache-2.0",
			"bin": {
				"tsc": "bin/tsc",
				"tsserver": "bin/tsserver"
			},
			"engines": {
				"node": ">=4.2.0"
			}
		},
		"node_modules/vscode-jsonrpc": {
			"version": "6.0.0",
			"license": "MIT",
			"engines": {
				"node": ">=8.0.0 || >=10.0.0"
			}
		},
		"node_modules/vscode-languageclient": {
			"version": "7.0.0",
			"license": "MIT",
			"dependencies": {
				"minimatch": "^3.0.4",
				"semver": "^7.3.4",
				"vscode-languageserver-protocol": "3.16.0"
			},
			"engines": {
				"vscode": "^1.52.0"
			}
		},
		"node_modules/vscode-languageclient/node_modules/semver": {
			"version": "7.3.5",
			"license": "ISC",
			"dependencies": {
				"lru-cache": "^6.0.0"
			},
			"bin": {
				"semver": "bin/semver.js"
			},
			"engines": {
				"node": ">=10"
			}
		},
		"node_modules/vscode-languageserver-protocol": {
			"version": "3.16.0",
			"license": "MIT",
			"dependencies": {
				"vscode-jsonrpc": "6.0.0",
				"vscode-languageserver-types": "3.16.0"
			}
		},
		"node_modules/vscode-languageserver-types": {
			"version": "3.16.0",
			"license": "MIT"
		},
		"node_modules/yallist": {
			"version": "4.0.0",
			"license": "ISC"
		}
	},
	"dependencies": {
		"@js-joda/core": {
			"version": "3.2.0",
			"resolved": "https://registry.npmjs.org/@js-joda/core/-/core-3.2.0.tgz",
			"integrity": "sha512-PMqgJ0sw5B7FKb2d5bWYIoxjri+QlW/Pys7+Rw82jSH0QN3rB05jZ/VrrsUdh1w4+i2kw9JOejXGq/KhDOX7Kg=="
		},
		"@types/mocha": {
			"version": "8.2.3",
			"dev": true
		},
		"@types/node": {
			"version": "16.0.1",
			"dev": true
		},
		"@types/rx-core": {
			"version": "4.0.3",
			"dev": true
		},
		"@types/rx-core-binding": {
			"version": "4.0.4",
			"dev": true,
			"requires": {
				"@types/rx-core": "*"
			}
		},
		"@types/rx-lite": {
			"version": "4.0.6",
			"dev": true,
			"requires": {
				"@types/rx-core": "*",
				"@types/rx-core-binding": "*"
			}
		},
		"@types/vscode": {
			"version": "1.57.1",
			"dev": true
		},
		"balanced-match": {
			"version": "1.0.0"
		},
		"brace-expansion": {
			"version": "1.1.11",
			"requires": {
				"balanced-match": "^1.0.0",
				"concat-map": "0.0.1"
			}
		},
		"concat-map": {
			"version": "0.0.1"
		},
		"lru-cache": {
			"version": "6.0.0",
			"requires": {
				"yallist": "^4.0.0"
			}
		},
		"minimatch": {
			"version": "3.0.4",
			"requires": {
				"brace-expansion": "^1.1.7"
			}
		},
		"mugene": {
			"version": "file:../build/js/packages/mugene-ng-mugene-js-legacy",
			"requires": {
				"antlr-kotlin-antlr-kotlin-runtime-jsLegacy": "file:../../packages_imported/antlr-kotlin-antlr-kotlin-runtime-jsLegacy/0.0.8",
				"kotlin": "file:../../packages_imported/kotlin/1.5.21",
				"Kotlin-DateTime-library-kotlinx-datetime-js-legacy": "file:../../packages_imported/Kotlin-DateTime-library-kotlinx-datetime-js-legacy/0.2.1",
				"kotlin-test": "file:../../packages_imported/kotlin-test/1.5.21",
				"kotlin-test-js-runner": "file:../../packages_imported/kotlin-test-js-runner/1.5.21",
				"kotlinx-atomicfu": "file:../../packages_imported/kotlinx-atomicfu/0.16.2",
				"kotlinx-coroutines-core": "file:../../packages_imported/kotlinx-coroutines-core/1.5.1",
				"kotlinx-serialization-kotlinx-serialization-core-js-legacy": "file:../../packages_imported/kotlinx-serialization-kotlinx-serialization-core-js-legacy/1.2.1",
				"ktmidi-project-ktmidi-js-legacy": "file:../../packages_imported/ktmidi-project-ktmidi-js-legacy/0.3.8",
				"ktor-ktor-io-js-legacy": "file:../../packages_imported/ktor-ktor-io-js-legacy/1.6.0",
				"uuid-jsLegacy": "file:../../packages_imported/uuid-jsLegacy/0.2.2"
			}
		},
		"rx-lite": {
			"version": "4.0.8"
		},
		"typescript": {
			"version": "4.3.5",
			"dev": true
		},
		"vscode-jsonrpc": {
			"version": "6.0.0"
		},
		"vscode-languageclient": {
			"version": "7.0.0",
			"requires": {
				"minimatch": "^3.0.4",
				"semver": "^7.3.4",
				"vscode-languageserver-protocol": "3.16.0"
			},
			"dependencies": {
				"semver": {
					"version": "7.3.5",
					"requires": {
						"lru-cache": "^6.0.0"
					}
				}
			}
		},
		"vscode-languageserver-protocol": {
			"version": "3.16.0",
			"requires": {
				"vscode-jsonrpc": "6.0.0",
				"vscode-languageserver-types": "3.16.0"
			}
		},
		"vscode-languageserver-types": {
			"version": "3.16.0"
		},
		"yallist": {
			"version": "4.0.0"
		}
	}
}
