{
	"name": "vscode-language-mugene",
	"version": "0.7.1",
	"lockfileVersion": 3,
	"requires": true,
	"packages": {
		"": {
			"name": "vscode-language-mugene",
			"version": "0.7.1",
			"license": "MIT",
			"dependencies": {
				"@dev.atsushieno/mugene": "^0.7.1",
				"@js-joda/core": "^3.2.0",
				"rx-lite": "^4.0.8",
				"vscode-languageclient": "^7.0.0"
			},
			"devDependencies": {
				"@types/mocha": "^8.2.3",
				"@types/node": "^18.7.16",
				"@types/rx-lite": "^4.0.6",
				"@types/vscode": "^1.71.0",
				"typescript": "^4.3.5"
			},
			"engines": {
				"vscode": "^1.71.0"
			}
		},
		"node_modules/@dev.atsushieno/mugene": {
			"version": "0.7.1",
			"resolved": "https://registry.npmjs.org/@dev.atsushieno/mugene/-/mugene-0.7.1.tgz",
			"integrity": "sha512-YPYoxLtgKAx128pPnft2Z0DBMDXEuYNNhwpI71v0QRElv36bXU65Vq70IdnHOC1WG8ayrLMX7wlO+Cd1UhzZfw==",
			"dependencies": {
				"@js-joda/core": "3.2.0",
				"buffer": "",
				"format-util": "^1.0.5",
				"fs": "",
				"jzz": "1.9.3"
			}
		},
		"node_modules/@js-joda/core": {
			"version": "3.2.0",
			"resolved": "https://registry.npmjs.org/@js-joda/core/-/core-3.2.0.tgz",
			"integrity": "sha512-PMqgJ0sw5B7FKb2d5bWYIoxjri+QlW/Pys7+Rw82jSH0QN3rB05jZ/VrrsUdh1w4+i2kw9JOejXGq/KhDOX7Kg=="
		},
		"node_modules/@types/mocha": {
			"version": "8.2.3",
			"resolved": "https://registry.npmjs.org/@types/mocha/-/mocha-8.2.3.tgz",
			"integrity": "sha512-ekGvFhFgrc2zYQoX4JeZPmVzZxw6Dtllga7iGHzfbYIYkAMUx/sAFP2GdFpLff+vdHXu5fl7WX9AT+TtqYcsyw==",
			"dev": true
		},
		"node_modules/@types/node": {
			"version": "18.19.101",
			"resolved": "https://registry.npmjs.org/@types/node/-/node-18.19.101.tgz",
			"integrity": "sha512-Ykg7fcE3+cOQlLUv2Ds3zil6DVjriGQaSN/kEpl5HQ3DIGM6W0F2n9+GkWV4bRt7KjLymgzNdTnSKCbFUUJ7Kw==",
			"dev": true,
			"dependencies": {
				"undici-types": "~5.26.4"
			}
		},
		"node_modules/@types/rx-core": {
			"version": "4.0.6",
			"resolved": "https://registry.npmjs.org/@types/rx-core/-/rx-core-4.0.6.tgz",
			"integrity": "sha512-x4VqenExHPSDWLQLl0G8YE/KQWNzK3aXf2Twg7hoEjlFXUbOprX3aMl2jPdoLoOKl/gGEo0PLZ2K9Te5rN2lWw==",
			"dev": true
		},
		"node_modules/@types/rx-core-binding": {
			"version": "4.0.7",
			"resolved": "https://registry.npmjs.org/@types/rx-core-binding/-/rx-core-binding-4.0.7.tgz",
			"integrity": "sha512-Lj4YEEGLaQndB2CQ0s7rNJGud8fzg/S2WL1XU3RwJjk7mwLQd8CzU+Suvzsh4NyjlU9eTb4Zj4I0QZ3sfmGS7g==",
			"dev": true,
			"dependencies": {
				"@types/rx-core": "*"
			}
		},
		"node_modules/@types/rx-lite": {
			"version": "4.0.10",
			"resolved": "https://registry.npmjs.org/@types/rx-lite/-/rx-lite-4.0.10.tgz",
			"integrity": "sha512-KAUn8LFfEMGwI8vSet+L0PyHT1gacz4/Pz1a3gmL7FtTKW+f12WJH1OocjAGJAos9cQ7SgVFV0E//RzZAkakYQ==",
			"dev": true,
			"dependencies": {
				"@types/rx-core": "*",
				"@types/rx-core-binding": "*"
			}
		},
		"node_modules/@types/vscode": {
			"version": "1.100.0",
			"resolved": "https://registry.npmjs.org/@types/vscode/-/vscode-1.100.0.tgz",
			"integrity": "sha512-4uNyvzHoraXEeCamR3+fzcBlh7Afs4Ifjs4epINyUX/jvdk0uzLnwiDY35UKDKnkCHP5Nu3dljl2H8lR6s+rQw==",
			"dev": true
		},
		"node_modules/@types/webmidi": {
			"version": "2.1.0",
			"resolved": "https://registry.npmjs.org/@types/webmidi/-/webmidi-2.1.0.tgz",
			"integrity": "sha512-k898MjEUSHB+6rSeCPQk/kLgie0wgWZ2t78GlWj86HbTQ+XmtbBafYg5LNjn8bVHfItEhPGZPf579Xfc6keV6w=="
		},
		"node_modules/balanced-match": {
			"version": "1.0.2",
			"resolved": "https://registry.npmjs.org/balanced-match/-/balanced-match-1.0.2.tgz",
			"integrity": "sha512-3oSeUO0TMV67hN1AmbXsK4yaqU7tjiHlbxRDZOpH0KW9+CeX4bRAaX0Anxt0tx2MrpRpWwQaPwIlISEJhYU5Pw=="
		},
		"node_modules/base64-js": {
			"version": "1.5.1",
			"resolved": "https://registry.npmjs.org/base64-js/-/base64-js-1.5.1.tgz",
			"integrity": "sha512-AKpaYlHn8t4SVbOHCy+b5+KKgvR4vrsD8vbvrbiQJps7fKDTkjkDry6ji0rUJjC0kzbNePLwzxq8iypo41qeWA==",
			"funding": [
				{
					"type": "github",
					"url": "https://github.com/sponsors/feross"
				},
				{
					"type": "patreon",
					"url": "https://www.patreon.com/feross"
				},
				{
					"type": "consulting",
					"url": "https://feross.org/support"
				}
			]
		},
		"node_modules/brace-expansion": {
			"version": "1.1.11",
			"resolved": "https://registry.npmjs.org/brace-expansion/-/brace-expansion-1.1.11.tgz",
			"integrity": "sha512-iCuPHDFgrHX7H2vEI/5xpz07zSHB00TpugqhmYtVmMO6518mCuRMoOYFldEBl0g187ufozdaHgWKcYFb61qGiA==",
			"dependencies": {
				"balanced-match": "^1.0.0",
				"concat-map": "0.0.1"
			}
		},
		"node_modules/buffer": {
			"version": "6.0.3",
			"resolved": "https://registry.npmjs.org/buffer/-/buffer-6.0.3.tgz",
			"integrity": "sha512-FTiCpNxtwiZZHEZbcbTIcZjERVICn9yq/pDFkTl95/AxzD1naBctN7YO68riM/gLSDY7sdrMby8hofADYuuqOA==",
			"funding": [
				{
					"type": "github",
					"url": "https://github.com/sponsors/feross"
				},
				{
					"type": "patreon",
					"url": "https://www.patreon.com/feross"
				},
				{
					"type": "consulting",
					"url": "https://feross.org/support"
				}
			],
			"dependencies": {
				"base64-js": "^1.3.1",
				"ieee754": "^1.2.1"
			}
		},
		"node_modules/concat-map": {
			"version": "0.0.1",
			"resolved": "https://registry.npmjs.org/concat-map/-/concat-map-0.0.1.tgz",
			"integrity": "sha512-/Srv4dswyQNBfohGpz9o6Yb3Gz3SrUDqBH5rTuhGR7ahtlbYKnVxw2bCFMRljaA7EXHaXZ8wsHdodFvbkhKmqg=="
		},
		"node_modules/format-util": {
			"version": "1.0.5",
			"resolved": "https://registry.npmjs.org/format-util/-/format-util-1.0.5.tgz",
			"integrity": "sha512-varLbTj0e0yVyRpqQhuWV+8hlePAgaoFRhNFj50BNjEIrw1/DphHSObtqwskVCPWNgzwPoQrZAbfa/SBiicNeg=="
		},
		"node_modules/fs": {
			"version": "0.0.1-security",
			"resolved": "https://registry.npmjs.org/fs/-/fs-0.0.1-security.tgz",
			"integrity": "sha512-3XY9e1pP0CVEUCdj5BmfIZxRBTSDycnbqhIOGec9QYtmVH2fbLpj86CFWkrNOkt/Fvty4KZG5lTglL9j/gJ87w=="
		},
		"node_modules/ieee754": {
			"version": "1.2.1",
			"resolved": "https://registry.npmjs.org/ieee754/-/ieee754-1.2.1.tgz",
			"integrity": "sha512-dcyqhDvX1C46lXZcVqCpK+FtMRQVdIMN6/Df5js2zouUsqG7I6sFxitIC+7KYK29KdXOLHdu9zL4sFnoVQnqaA==",
			"funding": [
				{
					"type": "github",
					"url": "https://github.com/sponsors/feross"
				},
				{
					"type": "patreon",
					"url": "https://www.patreon.com/feross"
				},
				{
					"type": "consulting",
					"url": "https://feross.org/support"
				}
			]
		},
		"node_modules/jazz-midi": {
			"version": "1.7.9",
			"resolved": "https://registry.npmjs.org/jazz-midi/-/jazz-midi-1.7.9.tgz",
			"integrity": "sha512-c8c4BBgwxdsIr1iVm53nadCrtH7BUlnX3V95ciK/gbvXN/ndE5+POskBalXgqlc/r9p2XUbdLTrgrC6fou5p9w==",
			"engines": {
				"node": ">=10.0.0"
			}
		},
		"node_modules/jzz": {
			"version": "1.9.3",
			"resolved": "https://registry.npmjs.org/jzz/-/jzz-1.9.3.tgz",
			"integrity": "sha512-DXQ7xXuJzC4YxNbQZy9pfHC/DOXM6IHgceTXnkhk1/+lU/qDk8W9xUaNpgCH6t1QDQ9roz7FSVtFc0/JhYQFxg==",
			"dependencies": {
				"@types/webmidi": "^2.1.0",
				"jazz-midi": "^1.7.9"
			}
		},
		"node_modules/minimatch": {
			"version": "3.1.2",
			"resolved": "https://registry.npmjs.org/minimatch/-/minimatch-3.1.2.tgz",
			"integrity": "sha512-J7p63hRiAjw1NDEww1W7i37+ByIrOWO5XQQAzZ3VOcL0PNybwpfmV/N05zFAzwQ9USyEcX6t3UO+K5aqBQOIHw==",
			"dependencies": {
				"brace-expansion": "^1.1.7"
			},
			"engines": {
				"node": "*"
			}
		},
		"node_modules/rx-lite": {
			"version": "4.0.8",
			"resolved": "https://registry.npmjs.org/rx-lite/-/rx-lite-4.0.8.tgz",
			"integrity": "sha512-Cun9QucwK6MIrp3mry/Y7hqD1oFqTYLQ4pGxaHTjIdaFDWRGGLikqp6u8LcWJnzpoALg9hap+JGk8sFIUuEGNA=="
		},
		"node_modules/semver": {
			"version": "7.7.2",
			"resolved": "https://registry.npmjs.org/semver/-/semver-7.7.2.tgz",
			"integrity": "sha512-RF0Fw+rO5AMf9MAyaRXI4AV0Ulj5lMHqVxxdSgiVbixSCXoEmmX/jk0CuJw4+3SqroYO9VoUh+HcuJivvtJemA==",
			"bin": {
				"semver": "bin/semver.js"
			},
			"engines": {
				"node": ">=10"
			}
		},
		"node_modules/typescript": {
			"version": "4.9.5",
			"resolved": "https://registry.npmjs.org/typescript/-/typescript-4.9.5.tgz",
			"integrity": "sha512-1FXk9E2Hm+QzZQ7z+McJiHL4NW1F2EzMu9Nq9i3zAaGqibafqYwCVU6WyWAuyQRRzOlxou8xZSyXLEN8oKj24g==",
			"dev": true,
			"bin": {
				"tsc": "bin/tsc",
				"tsserver": "bin/tsserver"
			},
			"engines": {
				"node": ">=4.2.0"
			}
		},
		"node_modules/undici-types": {
			"version": "5.26.5",
			"resolved": "https://registry.npmjs.org/undici-types/-/undici-types-5.26.5.tgz",
			"integrity": "sha512-JlCMO+ehdEIKqlFxk6IfVoAUVmgz7cU7zD/h9XZ0qzeosSHmUJVOzSQvvYSYWXkFXC+IfLKSIffhv0sVZup6pA==",
			"dev": true
		},
		"node_modules/vscode-jsonrpc": {
			"version": "6.0.0",
			"resolved": "https://registry.npmjs.org/vscode-jsonrpc/-/vscode-jsonrpc-6.0.0.tgz",
			"integrity": "sha512-wnJA4BnEjOSyFMvjZdpiOwhSq9uDoK8e/kpRJDTaMYzwlkrhG1fwDIZI94CLsLzlCK5cIbMMtFlJlfR57Lavmg==",
			"engines": {
				"node": ">=8.0.0 || >=10.0.0"
			}
		},
		"node_modules/vscode-languageclient": {
			"version": "7.0.0",
			"resolved": "https://registry.npmjs.org/vscode-languageclient/-/vscode-languageclient-7.0.0.tgz",
			"integrity": "sha512-P9AXdAPlsCgslpP9pRxYPqkNYV7Xq8300/aZDpO35j1fJm/ncize8iGswzYlcvFw5DQUx4eVk+KvfXdL0rehNg==",
			"dependencies": {
				"minimatch": "^3.0.4",
				"semver": "^7.3.4",
				"vscode-languageserver-protocol": "3.16.0"
			},
			"engines": {
				"vscode": "^1.52.0"
			}
		},
		"node_modules/vscode-languageserver-protocol": {
			"version": "3.16.0",
			"resolved": "https://registry.npmjs.org/vscode-languageserver-protocol/-/vscode-languageserver-protocol-3.16.0.tgz",
			"integrity": "sha512-sdeUoAawceQdgIfTI+sdcwkiK2KU+2cbEYA0agzM2uqaUy2UpnnGHtWTHVEtS0ES4zHU0eMFRGN+oQgDxlD66A==",
			"dependencies": {
				"vscode-jsonrpc": "6.0.0",
				"vscode-languageserver-types": "3.16.0"
			}
		},
		"node_modules/vscode-languageserver-types": {
			"version": "3.16.0",
			"resolved": "https://registry.npmjs.org/vscode-languageserver-types/-/vscode-languageserver-types-3.16.0.tgz",
			"integrity": "sha512-k8luDIWJWyenLc5ToFQQMaSrqCHiLwyKPHKPQZ5zz21vM+vIVUSvsRpcbiECH4WR88K2XZqc4ScRcZ7nk/jbeA=="
		}
	}
}
